
Microsoft Visual Studio Solution File, Format Version 12.00
# Visual Studio 15
VisualStudioVersion = 15.0.27130.0
MinimumVisualStudioVersion = 10.0.40219.1
Project("{FAE04EC0-301F-11D3-BF4B-00C04F79EFBC}") = "Piglet", "Piglet\Piglet.csproj", "{1B9FA9F1-A12F-497D-A6A5-FC42A412641F}"
EndProject
Project("{FAE04EC0-301F-11D3-BF4B-00C04F79EFBC}") = "Piglet.Infrastructure", "Piglet.Infrastructure\Piglet.Infrastructure.csproj", "{35066824-20E0-4764-BA92-C729A362F054}"
EndProject
Project("{FAE04EC0-301F-11D3-BF4B-00C04F79EFBC}") = "Piglet.Utilities", "Piglet.Utilities\Piglet.Utilities.csproj", "{FE63F140-6425-4914-9EED-BACEA82B34B0}"
EndProject
Project("{FAE04EC0-301F-11D3-BF4B-00C04F79EFBC}") = "Piglet.Data", "Piglet.Data\Piglet.Data.csproj", "{D9A8CFA9-A618-483B-B3C7-8CE0811DDB4C}"
EndProject
Project("{FAE04EC0-301F-11D3-BF4B-00C04F79EFBC}") = "Piglet.Data.EF", "Piglet.Data.EF\Piglet.Data.EF.csproj", "{53CBC058-4B48-4536-AB39-CD638A3EDD9E}"
EndProject
Project("{FAE04EC0-301F-11D3-BF4B-00C04F79EFBC}") = "Piglet.Application", "Piglet.Application\Piglet.Application.csproj", "{491F2E36-98A7-4477-96BF-12E32C7A31B7}"
EndProject
Global
	GlobalSection(SolutionConfigurationPlatforms) = preSolution
		Debug|Any CPU = Debug|Any CPU
		Release|Any CPU = Release|Any CPU
	EndGlobalSection
	GlobalSection(ProjectConfigurationPlatforms) = postSolution
		{1B9FA9F1-A12F-497D-A6A5-FC42A412641F}.Debug|Any CPU.ActiveCfg = Debug|Any CPU
		{1B9FA9F1-A12F-497D-A6A5-FC42A412641F}.Debug|Any CPU.Build.0 = Debug|Any CPU
		{1B9FA9F1-A12F-497D-A6A5-FC42A412641F}.Release|Any CPU.ActiveCfg = Release|Any CPU
		{1B9FA9F1-A12F-497D-A6A5-FC42A412641F}.Release|Any CPU.Build.0 = Release|Any CPU
		{35066824-20E0-4764-BA92-C729A362F054}.Debug|Any CPU.ActiveCfg = Debug|Any CPU
		{35066824-20E0-4764-BA92-C729A362F054}.Debug|Any CPU.Build.0 = Debug|Any CPU
		{35066824-20E0-4764-BA92-C729A362F054}.Release|Any CPU.ActiveCfg = Release|Any CPU
		{35066824-20E0-4764-BA92-C729A362F054}.Release|Any CPU.Build.0 = Release|Any CPU
		{FE63F140-6425-4914-9EED-BACEA82B34B0}.Debug|Any CPU.ActiveCfg = Debug|Any CPU
		{FE63F140-6425-4914-9EED-BACEA82B34B0}.Debug|Any CPU.Build.0 = Debug|Any CPU
		{FE63F140-6425-4914-9EED-BACEA82B34B0}.Release|Any CPU.ActiveCfg = Release|Any CPU
		{FE63F140-6425-4914-9EED-BACEA82B34B0}.Release|Any CPU.Build.0 = Release|Any CPU
		{D9A8CFA9-A618-483B-B3C7-8CE0811DDB4C}.Debug|Any CPU.ActiveCfg = Debug|Any CPU
		{D9A8CFA9-A618-483B-B3C7-8CE0811DDB4C}.Debug|Any CPU.Build.0 = Debug|Any CPU
		{D9A8CFA9-A618-483B-B3C7-8CE0811DDB4C}.Release|Any CPU.ActiveCfg = Release|Any CPU
		{D9A8CFA9-A618-483B-B3C7-8CE0811DDB4C}.Release|Any CPU.Build.0 = Release|Any CPU
		{53CBC058-4B48-4536-AB39-CD638A3EDD9E}.Debug|Any CPU.ActiveCfg = Debug|Any CPU
		{53CBC058-4B48-4536-AB39-CD638A3EDD9E}.Debug|Any CPU.Build.0 = Debug|Any CPU
		{53CBC058-4B48-4536-AB39-CD638A3EDD9E}.Release|Any CPU.ActiveCfg = Release|Any CPU
		{53CBC058-4B48-4536-AB39-CD638A3EDD9E}.Release|Any CPU.Build.0 = Release|Any CPU
		{491F2E36-98A7-4477-96BF-12E32C7A31B7}.Debug|Any CPU.ActiveCfg = Debug|Any CPU
		{491F2E36-98A7-4477-96BF-12E32C7A31B7}.Debug|Any CPU.Build.0 = Debug|Any CPU
		{491F2E36-98A7-4477-96BF-12E32C7A31B7}.Release|Any CPU.ActiveCfg = Release|Any CPU
		{491F2E36-98A7-4477-96BF-12E32C7A31B7}.Release|Any CPU.Build.0 = Release|Any CPU
	EndGlobalSection
	GlobalSection(SolutionProperties) = preSolution
		HideSolutionNode = FALSE
	EndGlobalSection
	GlobalSection(ExtensibilityGlobals) = postSolution
		SolutionGuid = {6835657C-7186-471C-91C7-DA503F3C1E5E}
	EndGlobalSection
EndGlobal
